
Microsoft Visual Studio Solution File, Format Version 12.00
# Visual Studio Version 17
VisualStudioVersion = 17.0.31919.166
MinimumVisualStudioVersion = 10.0.40219.1
Project("{FAE04EC0-301F-11D3-BF4B-00C04F79EFBC}") = "FestaDoFaustao", "FestaDoFaustao\FestaDoFaustao.csproj", "{4EA803B2-6126-4754-8FE0-2F71B5EFF9C2}"
EndProject
Global
	GlobalSection(SolutionConfigurationPlatforms) = preSolution
		Debug|Any CPU = Debug|Any CPU
		Release|Any CPU = Release|Any CPU
	EndGlobalSection
	GlobalSection(ProjectConfigurationPlatforms) = postSolution
		{4EA803B2-6126-4754-8FE0-2F71B5EFF9C2}.Debug|Any CPU.ActiveCfg = Debug|Any CPU
		{4EA803B2-6126-4754-8FE0-2F71B5EFF9C2}.Debug|Any CPU.Build.0 = Debug|Any CPU
		{4EA803B2-6126-4754-8FE0-2F71B5EFF9C2}.Release|Any CPU.ActiveCfg = Release|Any CPU
		{4EA803B2-6126-4754-8FE0-2F71B5EFF9C2}.Release|Any CPU.Build.0 = Release|Any CPU
	EndGlobalSection
	GlobalSection(SolutionProperties) = preSolution
		HideSolutionNode = FALSE
	EndGlobalSection
	GlobalSection(ExtensibilityGlobals) = postSolution
		SolutionGuid = {456C1C07-4CD1-45E8-A08F-9078A87D807D}
	EndGlobalSection
EndGlobal
